
Microsoft Visual Studio Solution File, Format Version 12.00
Project("{FAE04EC0-301F-11D3-BF4B-00C04F79EFBC}") = "CargaSinEstres.API", "CargaSinEstres.API\CargaSinEstres.API.csproj", "{B2052554-1AF3-4F6D-81C0-98013B14BEE6}"
EndProject
Project("{FAE04EC0-301F-11D3-BF4B-00C04F79EFBC}") = "CargaSinEstres.API.Test", "CargaSinEstres.API.Test\CargaSinEstres.API.Test.csproj", "{F439E316-0527-4469-8967-C761F727401E}"
EndProject
Global
	GlobalSection(SolutionConfigurationPlatforms) = preSolution
		Debug|Any CPU = Debug|Any CPU
		Release|Any CPU = Release|Any CPU
	EndGlobalSection
	GlobalSection(ProjectConfigurationPlatforms) = postSolution
		{B2052554-1AF3-4F6D-81C0-98013B14BEE6}.Debug|Any CPU.ActiveCfg = Debug|Any CPU
		{B2052554-1AF3-4F6D-81C0-98013B14BEE6}.Debug|Any CPU.Build.0 = Debug|Any CPU
		{B2052554-1AF3-4F6D-81C0-98013B14BEE6}.Release|Any CPU.ActiveCfg = Release|Any CPU
		{B2052554-1AF3-4F6D-81C0-98013B14BEE6}.Release|Any CPU.Build.0 = Release|Any CPU
		{F439E316-0527-4469-8967-C761F727401E}.Debug|Any CPU.ActiveCfg = Debug|Any CPU
		{F439E316-0527-4469-8967-C761F727401E}.Debug|Any CPU.Build.0 = Debug|Any CPU
		{F439E316-0527-4469-8967-C761F727401E}.Release|Any CPU.ActiveCfg = Release|Any CPU
		{F439E316-0527-4469-8967-C761F727401E}.Release|Any CPU.Build.0 = Release|Any CPU
	EndGlobalSection
EndGlobal
